
Microsoft Visual Studio Solution File, Format Version 12.00
# Visual Studio Version 16
VisualStudioVersion = 16.0.32002.261
MinimumVisualStudioVersion = 10.0.40219.1
Project("{FAE04EC0-301F-11D3-BF4B-00C04F79EFBC}") = "Employee1", "Employee1.csproj", "{C3648002-76D8-4B59-B238-1E5B30545F1B}"
EndProject
Global
	GlobalSection(SolutionConfigurationPlatforms) = preSolution
		Debug|Any CPU = Debug|Any CPU
		Release|Any CPU = Release|Any CPU
	EndGlobalSection
	GlobalSection(ProjectConfigurationPlatforms) = postSolution
		{C3648002-76D8-4B59-B238-1E5B30545F1B}.Debug|Any CPU.ActiveCfg = Debug|Any CPU
		{C3648002-76D8-4B59-B238-1E5B30545F1B}.Debug|Any CPU.Build.0 = Debug|Any CPU
		{C3648002-76D8-4B59-B238-1E5B30545F1B}.Release|Any CPU.ActiveCfg = Release|Any CPU
		{C3648002-76D8-4B59-B238-1E5B30545F1B}.Release|Any CPU.Build.0 = Release|Any CPU
	EndGlobalSection
	GlobalSection(SolutionProperties) = preSolution
		HideSolutionNode = FALSE
	EndGlobalSection
	GlobalSection(ExtensibilityGlobals) = postSolution
		SolutionGuid = {661F1F22-ABF3-4650-A172-4A48776CCDD8}
	EndGlobalSection
EndGlobal
